<?xml version="1.0" encoding="utf-8"?>
<Project ToolsVersion="4.0" xmlns="http://schemas.microsoft.com/developer/msbuild/2003">
  <ItemGroup>
    <Filter Include="Source Files">
      <UniqueIdentifier>{4FC737F1-C7A5-4376-A066-2A32D752A2FF}</UniqueIdentifier>
      <Extensions>cpp;c;cc;cxx;def;odl;idl;hpj;bat;asm;asmx</Extensions>
    </Filter>
    <Filter Include="Header Files">
      <UniqueIdentifier>{93995380-89BD-4b04-88EB-625FBE52EBFB}</UniqueIdentifier>
      <Extensions>h;hh;hpp;hxx;hm;inl;inc;xsd</Extensions>
    </Filter>
    <Filter Include="Resource Files">
      <UniqueIdentifier>{67DA6AB6-F800-4c08-8B7A-83BB121AAD01}</UniqueIdentifier>
      <Extensions>rc;ico;cur;bmp;dlg;rc2;rct;bin;rgs;gif;jpg;jpeg;jpe;resx;tiff;tif;png;wav;mfcribbon-ms</Extensions>
    </Filter>
    <Filter Include="Source Files\states">
      <UniqueIdentifier>{b618b86e-4207-4683-8ad7-05ab24f4c803}</UniqueIdentifier>
    </Filter>
    <Filter Include="Header Files\states">
      <UniqueIdentifier>{4a037ca9-d278-49df-b7e0-5d49fc069063}</UniqueIdentifier>
    </Filter>
    <Filter Include="Header Files\game">
      <UniqueIdentifier>{6e7b0b37-7e41-4779-9ddf-8e06831ce758}</UniqueIdentifier>
    </Filter>
    <Filter Include="Source Files\gui">
      <UniqueIdentifier>{d67b7351-48ae-4c53-88c8-6c4beb0cd2aa}</UniqueIdentifier>
    </Filter>
    <Filter Include="Header Files\gui 2d">
      <UniqueIdentifier>{353c508e-decf-4afa-a632-b873bf42b025}</UniqueIdentifier>
    </Filter>
    <Filter Include="Source Files\game">
      <UniqueIdentifier>{ff5c6b49-387d-4124-86ab-2429aecfcffe}</UniqueIdentifier>
    </Filter>
  </ItemGroup>
  <ItemGroup>
    <ClCompile Include="main.cpp">
      <Filter>Source Files</Filter>
    </ClCompile>
    <ClCompile Include="states.cpp">
      <Filter>Source Files\states</Filter>
    </ClCompile>
    <ClCompile Include="state_game.cpp">
      <Filter>Source Files\states</Filter>
    </ClCompile>
    <ClCompile Include="state_menu.cpp">
      <Filter>Source Files\states</Filter>
    </ClCompile>
    <ClCompile Include="music.cpp">
      <Filter>Source Files</Filter>
    </ClCompile>
    <ClCompile Include="state_intro.cpp">
      <Filter>Source Files\states</Filter>
    </ClCompile>
    <ClCompile Include="state_setttings.cpp">
      <Filter>Source Files\states</Filter>
    </ClCompile>
    <ClCompile Include="gui.cpp">
      <Filter>Source Files\gui</Filter>
    </ClCompile>
    <ClCompile Include="button.cpp">
      <Filter>Source Files\gui</Filter>
    </ClCompile>
    <ClCompile Include="player.cpp">
      <Filter>Source Files\game</Filter>
    </ClCompile>
    <ClCompile Include="map.cpp">
      <Filter>Source Files\game</Filter>
    </ClCompile>
    <ClCompile Include="fonts.cpp">
      <Filter>Source Files</Filter>
    </ClCompile>
    <ClCompile Include="weapons.cpp">
      <Filter>Source Files</Filter>
    </ClCompile>
    <ClCompile Include="textures.cpp">
      <Filter>Source Files</Filter>
    </ClCompile>
  </ItemGroup>
  <ItemGroup>
    <ClInclude Include="state_game.h">
      <Filter>Header Files\states</Filter>
    </ClInclude>
    <ClInclude Include="state_menu.h">
      <Filter>Header Files\states</Filter>
    </ClInclude>
    <ClInclude Include="state_intro.h">
      <Filter>Header Files\states</Filter>
    </ClInclude>
    <ClInclude Include="state_settings.h">
      <Filter>Header Files\states</Filter>
    </ClInclude>
    <ClInclude Include="states.h">
      <Filter>Header Files\states</Filter>
    </ClInclude>
    <ClInclude Include="music.h">
      <Filter>Header Files</Filter>
    </ClInclude>
    <ClInclude Include="textures.h">
      <Filter>Header Files</Filter>
    </ClInclude>
    <ClInclude Include="mainobj.h">
      <Filter>Header Files</Filter>
    </ClInclude>
    <ClInclude Include="button.h">
      <Filter>Header Files\gui 2d</Filter>
    </ClInclude>
    <ClInclude Include="player.h">
      <Filter>Header Files\game</Filter>
    </ClInclude>
    <ClInclude Include="block.h">
      <Filter>Header Files\gui 2d</Filter>
    </ClInclude>
    <ClInclude Include="gui.h">
      <Filter>Header Files\gui 2d</Filter>
    </ClInclude>
    <ClInclude Include="map.h">
      <Filter>Header Files\game</Filter>
    </ClInclude>
    <ClInclude Include="fonts.h">
      <Filter>Header Files</Filter>
    </ClInclude>
    <ClInclude Include="weapons.h">
      <Filter>Header Files\game</Filter>
    </ClInclude>
    <ClInclude Include="statusbar.h">
      <Filter>Header Files\game</Filter>
    </ClInclude>
  </ItemGroup>
</Project>